// !$*UTF8*$!
{
	archiveVersion = 1;
	classes = {
	};
	objectVersion = 46;
	objects = {

/* Begin PBXBuildFile section */
		6FCCC89B1E9783C6009E09EA /* main.m in Sources */ = {isa = PBXBuildFile; fileRef = 6FCCC89A1E9783C6009E09EA /* main.m */; };
		6FCCC89E1E9783C6009E09EA /* AppDelegate.m in Sources */ = {isa = PBXBuildFile; fileRef = 6FCCC89D1E9783C6009E09EA /* AppDelegate.m */; };
		6FCCC8A61E9783C6009E09EA /* Assets.xcassets in Resources */ = {isa = PBXBuildFile; fileRef = 6FCCC8A51E9783C6009E09EA /* Assets.xcassets */; };
		6FCCC8A91E9783C6009E09EA /* LaunchScreen.storyboard in Resources */ = {isa = PBXBuildFile; fileRef = 6FCCC8A71E9783C6009E09EA /* LaunchScreen.storyboard */; };
		6FCCC8B41E9783C6009E09EA /* SimulateHttpRequestDataDemoTests.m in Sources */ = {isa = PBXBuildFile; fileRef = 6FCCC8B31E9783C6009E09EA /* SimulateHttpRequestDataDemoTests.m */; };
		6FCCC8BF1E9783C6009E09EA /* SimulateHttpRequestDataDemoUITests.m in Sources */ = {isa = PBXBuildFile; fileRef = 6FCCC8BE1E9783C6009E09EA /* SimulateHttpRequestDataDemoUITests.m */; };
		6FCCC8DB1E97842B009E09EA /* AFHTTPSessionManager.m in Sources */ = {isa = PBXBuildFile; fileRef = 6FCCC8CF1E97842B009E09EA /* AFHTTPSessionManager.m */; };
		6FCCC8DC1E97842B009E09EA /* AFNetworkReachabilityManager.m in Sources */ = {isa = PBXBuildFile; fileRef = 6FCCC8D21E97842B009E09EA /* AFNetworkReachabilityManager.m */; };
		6FCCC8DD1E97842B009E09EA /* AFSecurityPolicy.m in Sources */ = {isa = PBXBuildFile; fileRef = 6FCCC8D41E97842B009E09EA /* AFSecurityPolicy.m */; };
		6FCCC8DE1E97842B009E09EA /* AFURLRequestSerialization.m in Sources */ = {isa = PBXBuildFile; fileRef = 6FCCC8D61E97842B009E09EA /* AFURLRequestSerialization.m */; };
		6FCCC8DF1E97842B009E09EA /* AFURLResponseSerialization.m in Sources */ = {isa = PBXBuildFile; fileRef = 6FCCC8D81E97842B009E09EA /* AFURLResponseSerialization.m */; };
		6FCCC8E01E97842B009E09EA /* AFURLSessionManager.m in Sources */ = {isa = PBXBuildFile; fileRef = 6FCCC8DA1E97842B009E09EA /* AFURLSessionManager.m */; };
		6FCCC9101E978436009E09EA /* MJRefreshAutoFooter.m in Sources */ = {isa = PBXBuildFile; fileRef = 6FCCC8E41E978436009E09EA /* MJRefreshAutoFooter.m */; };
		6FCCC9111E978436009E09EA /* MJRefreshBackFooter.m in Sources */ = {isa = PBXBuildFile; fileRef = 6FCCC8E61E978436009E09EA /* MJRefreshBackFooter.m */; };
		6FCCC9121E978436009E09EA /* MJRefreshComponent.m in Sources */ = {isa = PBXBuildFile; fileRef = 6FCCC8E81E978436009E09EA /* MJRefreshComponent.m */; };
		6FCCC9131E978436009E09EA /* MJRefreshFooter.m in Sources */ = {isa = PBXBuildFile; fileRef = 6FCCC8EA1E978436009E09EA /* MJRefreshFooter.m */; };
		6FCCC9141E978436009E09EA /* MJRefreshHeader.m in Sources */ = {isa = PBXBuildFile; fileRef = 6FCCC8EC1E978436009E09EA /* MJRefreshHeader.m */; };
		6FCCC9151E978436009E09EA /* MJRefreshAutoGifFooter.m in Sources */ = {isa = PBXBuildFile; fileRef = 6FCCC8F11E978436009E09EA /* MJRefreshAutoGifFooter.m */; };
		6FCCC9161E978436009E09EA /* MJRefreshAutoNormalFooter.m in Sources */ = {isa = PBXBuildFile; fileRef = 6FCCC8F31E978436009E09EA /* MJRefreshAutoNormalFooter.m */; };
		6FCCC9171E978436009E09EA /* MJRefreshAutoStateFooter.m in Sources */ = {isa = PBXBuildFile; fileRef = 6FCCC8F51E978436009E09EA /* MJRefreshAutoStateFooter.m */; };
		6FCCC9181E978436009E09EA /* MJRefreshBackGifFooter.m in Sources */ = {isa = PBXBuildFile; fileRef = 6FCCC8F81E978436009E09EA /* MJRefreshBackGifFooter.m */; };
		6FCCC9191E978436009E09EA /* MJRefreshBackNormalFooter.m in Sources */ = {isa = PBXBuildFile; fileRef = 6FCCC8FA1E978436009E09EA /* MJRefreshBackNormalFooter.m */; };
		6FCCC91A1E978436009E09EA /* MJRefreshBackStateFooter.m in Sources */ = {isa = PBXBuildFile; fileRef = 6FCCC8FC1E978436009E09EA /* MJRefreshBackStateFooter.m */; };
		6FCCC91B1E978436009E09EA /* MJRefreshGifHeader.m in Sources */ = {isa = PBXBuildFile; fileRef = 6FCCC8FF1E978436009E09EA /* MJRefreshGifHeader.m */; };
		6FCCC91C1E978436009E09EA /* MJRefreshNormalHeader.m in Sources */ = {isa = PBXBuildFile; fileRef = 6FCCC9011E978436009E09EA /* MJRefreshNormalHeader.m */; };
		6FCCC91D1E978436009E09EA /* MJRefreshStateHeader.m in Sources */ = {isa = PBXBuildFile; fileRef = 6FCCC9031E978436009E09EA /* MJRefreshStateHeader.m */; };
		6FCCC91E1E978436009E09EA /* MJRefresh.bundle in Resources */ = {isa = PBXBuildFile; fileRef = 6FCCC9041E978436009E09EA /* MJRefresh.bundle */; };
		6FCCC91F1E978436009E09EA /* MJRefreshConst.m in Sources */ = {isa = PBXBuildFile; fileRef = 6FCCC9071E978436009E09EA /* MJRefreshConst.m */; };
		6FCCC9201E978436009E09EA /* NSBundle+MJRefresh.m in Sources */ = {isa = PBXBuildFile; fileRef = 6FCCC9091E978436009E09EA /* NSBundle+MJRefresh.m */; };
		6FCCC9211E978436009E09EA /* UIScrollView+MJExtension.m in Sources */ = {isa = PBXBuildFile; fileRef = 6FCCC90B1E978436009E09EA /* UIScrollView+MJExtension.m */; };
		6FCCC9221E978436009E09EA /* UIScrollView+MJRefresh.m in Sources */ = {isa = PBXBuildFile; fileRef = 6FCCC90D1E978436009E09EA /* UIScrollView+MJRefresh.m */; };
		6FCCC9231E978436009E09EA /* UIView+MJExtension.m in Sources */ = {isa = PBXBuildFile; fileRef = 6FCCC90F1E978436009E09EA /* UIView+MJExtension.m */; };
		6FCCC93B1E97843E009E09EA /* Info.plist in Resources */ = {isa = PBXBuildFile; fileRef = 6FCCC9251E97843E009E09EA /* Info.plist */; };
		6FCCC93C1E97843E009E09EA /* MJExtensionConst.m in Sources */ = {isa = PBXBuildFile; fileRef = 6FCCC9281E97843E009E09EA /* MJExtensionConst.m */; };
		6FCCC93D1E97843E009E09EA /* MJFoundation.m in Sources */ = {isa = PBXBuildFile; fileRef = 6FCCC92A1E97843E009E09EA /* MJFoundation.m */; };
		6FCCC93E1E97843E009E09EA /* MJProperty.m in Sources */ = {isa = PBXBuildFile; fileRef = 6FCCC92C1E97843E009E09EA /* MJProperty.m */; };
		6FCCC93F1E97843E009E09EA /* MJPropertyKey.m in Sources */ = {isa = PBXBuildFile; fileRef = 6FCCC92E1E97843E009E09EA /* MJPropertyKey.m */; };
		6FCCC9401E97843E009E09EA /* MJPropertyType.m in Sources */ = {isa = PBXBuildFile; fileRef = 6FCCC9301E97843E009E09EA /* MJPropertyType.m */; };
		6FCCC9411E97843E009E09EA /* NSObject+MJClass.m in Sources */ = {isa = PBXBuildFile; fileRef = 6FCCC9321E97843E009E09EA /* NSObject+MJClass.m */; };
		6FCCC9421E97843E009E09EA /* NSObject+MJCoding.m in Sources */ = {isa = PBXBuildFile; fileRef = 6FCCC9341E97843E009E09EA /* NSObject+MJCoding.m */; };
		6FCCC9431E97843E009E09EA /* NSObject+MJKeyValue.m in Sources */ = {isa = PBXBuildFile; fileRef = 6FCCC9361E97843E009E09EA /* NSObject+MJKeyValue.m */; };
		6FCCC9441E97843E009E09EA /* NSObject+MJProperty.m in Sources */ = {isa = PBXBuildFile; fileRef = 6FCCC9381E97843E009E09EA /* NSObject+MJProperty.m */; };
		6FCCC9451E97843E009E09EA /* NSString+MJExtension.m in Sources */ = {isa = PBXBuildFile; fileRef = 6FCCC93A1E97843E009E09EA /* NSString+MJExtension.m */; };
		6FCCC95E1E97844A009E09EA /* MASCompositeConstraint.m in Sources */ = {isa = PBXBuildFile; fileRef = 6FCCC9481E97844A009E09EA /* MASCompositeConstraint.m */; };
		6FCCC95F1E97844A009E09EA /* MASConstraint.m in Sources */ = {isa = PBXBuildFile; fileRef = 6FCCC94B1E97844A009E09EA /* MASConstraint.m */; };
		6FCCC9601E97844A009E09EA /* MASConstraintMaker.m in Sources */ = {isa = PBXBuildFile; fileRef = 6FCCC94D1E97844A009E09EA /* MASConstraintMaker.m */; };
		6FCCC9611E97844A009E09EA /* MASLayoutConstraint.m in Sources */ = {isa = PBXBuildFile; fileRef = 6FCCC94F1E97844A009E09EA /* MASLayoutConstraint.m */; };
		6FCCC9621E97844A009E09EA /* MASViewAttribute.m in Sources */ = {isa = PBXBuildFile; fileRef = 6FCCC9531E97844A009E09EA /* MASViewAttribute.m */; };
		6FCCC9631E97844A009E09EA /* MASViewConstraint.m in Sources */ = {isa = PBXBuildFile; fileRef = 6FCCC9551E97844A009E09EA /* MASViewConstraint.m */; };
		6FCCC9641E97844A009E09EA /* NSArray+MASAdditions.m in Sources */ = {isa = PBXBuildFile; fileRef = 6FCCC9571E97844A009E09EA /* NSArray+MASAdditions.m */; };
		6FCCC9651E97844A009E09EA /* NSLayoutConstraint+MASDebugAdditions.m in Sources */ = {isa = PBXBuildFile; fileRef = 6FCCC95A1E97844A009E09EA /* NSLayoutConstraint+MASDebugAdditions.m */; };
		6FCCC9661E97844A009E09EA /* View+MASAdditions.m in Sources */ = {isa = PBXBuildFile; fileRef = 6FCCC95C1E97844A009E09EA /* View+MASAdditions.m */; };
		6FCCC96D1E97851D009E09EA /* SJXBaseTabBarController.m in Sources */ = {isa = PBXBuildFile; fileRef = 6FCCC96C1E97851D009E09EA /* SJXBaseTabBarController.m */; };
		6FCCC9701E978538009E09EA /* SJXBaseNavigationController.m in Sources */ = {isa = PBXBuildFile; fileRef = 6FCCC96F1E978538009E09EA /* SJXBaseNavigationController.m */; };
		6FCCC9731E9785B8009E09EA /* SJXTestOneViewController.m in Sources */ = {isa = PBXBuildFile; fileRef = 6FCCC9721E9785B8009E09EA /* SJXTestOneViewController.m */; };
		6FCCC9761E9785C3009E09EA /* SJXTestTwoViewController.m in Sources */ = {isa = PBXBuildFile; fileRef = 6FCCC9751E9785C3009E09EA /* SJXTestTwoViewController.m */; };
		6FCCC97A1E9788FF009E09EA /* SJXNetworkTool.m in Sources */ = {isa = PBXBuildFile; fileRef = 6FCCC9791E9788FF009E09EA /* SJXNetworkTool.m */; };
		6FCCC97D1E978C21009E09EA /* SJXRefreshHeader.m in Sources */ = {isa = PBXBuildFile; fileRef = 6FCCC97C1E978C21009E09EA /* SJXRefreshHeader.m */; };
		6FCCC9801E978C40009E09EA /* SJXRefreshFooter.m in Sources */ = {isa = PBXBuildFile; fileRef = 6FCCC97F1E978C40009E09EA /* SJXRefreshFooter.m */; };
		6FCCC9861E979685009E09EA /* NSObject+SJXExtension.m in Sources */ = {isa = PBXBuildFile; fileRef = 6FCCC9851E979685009E09EA /* NSObject+SJXExtension.m */; };
/* End PBXBuildFile section */

/* Begin PBXContainerItemProxy section */
		6FCCC8B01E9783C6009E09EA /* PBXContainerItemProxy */ = {
			isa = PBXContainerItemProxy;
			containerPortal = 6FCCC88E1E9783C6009E09EA /* Project object */;
			proxyType = 1;
			remoteGlobalIDString = 6FCCC8951E9783C6009E09EA;
			remoteInfo = SimulateHttpRequestDataDemo;
		};
		6FCCC8BB1E9783C6009E09EA /* PBXContainerItemProxy */ = {
			isa = PBXContainerItemProxy;
			containerPortal = 6FCCC88E1E9783C6009E09EA /* Project object */;
			proxyType = 1;
			remoteGlobalIDString = 6FCCC8951E9783C6009E09EA;
			remoteInfo = SimulateHttpRequestDataDemo;
		};
/* End PBXContainerItemProxy section */

/* Begin PBXFileReference section */
		6FCCC8961E9783C6009E09EA /* SimulateHttpRequestDataDemo.app */ = {isa = PBXFileReference; explicitFileType = wrapper.application; includeInIndex = 0; path = SimulateHttpRequestDataDemo.app; sourceTree = BUILT_PRODUCTS_DIR; };
		6FCCC89A1E9783C6009E09EA /* main.m */ = {isa = PBXFileReference; lastKnownFileType = sourcecode.c.objc; path = main.m; sourceTree = "<group>"; };
		6FCCC89C1E9783C6009E09EA /* AppDelegate.h */ = {isa = PBXFileReference; lastKnownFileType = sourcecode.c.h; path = AppDelegate.h; sourceTree = "<group>"; };
		6FCCC89D1E9783C6009E09EA /* AppDelegate.m */ = {isa = PBXFileReference; lastKnownFileType = sourcecode.c.objc; path = AppDelegate.m; sourceTree = "<group>"; };
		6FCCC8A51E9783C6009E09EA /* Assets.xcassets */ = {isa = PBXFileReference; lastKnownFileType = folder.assetcatalog; path = Assets.xcassets; sourceTree = "<group>"; };
		6FCCC8A81E9783C6009E09EA /* Base */ = {isa = PBXFileReference; lastKnownFileType = file.storyboard; name = Base; path = Base.lproj/LaunchScreen.storyboard; sourceTree = "<group>"; };
		6FCCC8AA1E9783C6009E09EA /* Info.plist */ = {isa = PBXFileReference; lastKnownFileType = text.plist.xml; path = Info.plist; sourceTree = "<group>"; };
		6FCCC8AF1E9783C6009E09EA /* SimulateHttpRequestDataDemoTests.xctest */ = {isa = PBXFileReference; explicitFileType = wrapper.cfbundle; includeInIndex = 0; path = SimulateHttpRequestDataDemoTests.xctest; sourceTree = BUILT_PRODUCTS_DIR; };
		6FCCC8B31E9783C6009E09EA /* SimulateHttpRequestDataDemoTests.m */ = {isa = PBXFileReference; lastKnownFileType = sourcecode.c.objc; path = SimulateHttpRequestDataDemoTests.m; sourceTree = "<group>"; };
		6FCCC8B51E9783C6009E09EA /* Info.plist */ = {isa = PBXFileReference; lastKnownFileType = text.plist.xml; path = Info.plist; sourceTree = "<group>"; };
		6FCCC8BA1E9783C6009E09EA /* SimulateHttpRequestDataDemoUITests.xctest */ = {isa = PBXFileReference; explicitFileType = wrapper.cfbundle; includeInIndex = 0; path = SimulateHttpRequestDataDemoUITests.xctest; sourceTree = BUILT_PRODUCTS_DIR; };
		6FCCC8BE1E9783C6009E09EA /* SimulateHttpRequestDataDemoUITests.m */ = {isa = PBXFileReference; lastKnownFileType = sourcecode.c.objc; path = SimulateHttpRequestDataDemoUITests.m; sourceTree = "<group>"; };
		6FCCC8C01E9783C6009E09EA /* Info.plist */ = {isa = PBXFileReference; lastKnownFileType = text.plist.xml; path = Info.plist; sourceTree = "<group>"; };
		6FCCC8CE1E97842B009E09EA /* AFHTTPSessionManager.h */ = {isa = PBXFileReference; fileEncoding = 4; lastKnownFileType = sourcecode.c.h; path = AFHTTPSessionManager.h; sourceTree = "<group>"; };
		6FCCC8CF1E97842B009E09EA /* AFHTTPSessionManager.m */ = {isa = PBXFileReference; fileEncoding = 4; lastKnownFileType = sourcecode.c.objc; path = AFHTTPSessionManager.m; sourceTree = "<group>"; };
		6FCCC8D01E97842B009E09EA /* AFNetworking.h */ = {isa = PBXFileReference; fileEncoding = 4; lastKnownFileType = sourcecode.c.h; path = AFNetworking.h; sourceTree = "<group>"; };
		6FCCC8D11E97842B009E09EA /* AFNetworkReachabilityManager.h */ = {isa = PBXFileReference; fileEncoding = 4; lastKnownFileType = sourcecode.c.h; path = AFNetworkReachabilityManager.h; sourceTree = "<group>"; };
		6FCCC8D21E97842B009E09EA /* AFNetworkReachabilityManager.m */ = {isa = PBXFileReference; fileEncoding = 4; lastKnownFileType = sourcecode.c.objc; path = AFNetworkReachabilityManager.m; sourceTree = "<group>"; };
		6FCCC8D31E97842B009E09EA /* AFSecurityPolicy.h */ = {isa = PBXFileReference; fileEncoding = 4; lastKnownFileType = sourcecode.c.h; path = AFSecurityPolicy.h; sourceTree = "<group>"; };
		6FCCC8D41E97842B009E09EA /* AFSecurityPolicy.m */ = {isa = PBXFileReference; fileEncoding = 4; lastKnownFileType = sourcecode.c.objc; path = AFSecurityPolicy.m; sourceTree = "<group>"; };
		6FCCC8D51E97842B009E09EA /* AFURLRequestSerialization.h */ = {isa = PBXFileReference; fileEncoding = 4; lastKnownFileType = sourcecode.c.h; path = AFURLRequestSerialization.h; sourceTree = "<group>"; };
		6FCCC8D61E97842B009E09EA /* AFURLRequestSerialization.m */ = {isa = PBXFileReference; fileEncoding = 4; lastKnownFileType = sourcecode.c.objc; path = AFURLRequestSerialization.m; sourceTree = "<group>"; };
		6FCCC8D71E97842B009E09EA /* AFURLResponseSerialization.h */ = {isa = PBXFileReference; fileEncoding = 4; lastKnownFileType = sourcecode.c.h; path = AFURLResponseSerialization.h; sourceTree = "<group>"; };
		6FCCC8D81E97842B009E09EA /* AFURLResponseSerialization.m */ = {isa = PBXFileReference; fileEncoding = 4; lastKnownFileType = sourcecode.c.objc; path = AFURLResponseSerialization.m; sourceTree = "<group>"; };
		6FCCC8D91E97842B009E09EA /* AFURLSessionManager.h */ = {isa = PBXFileReference; fileEncoding = 4; lastKnownFileType = sourcecode.c.h; path = AFURLSessionManager.h; sourceTree = "<group>"; };
		6FCCC8DA1E97842B009E09EA /* AFURLSessionManager.m */ = {isa = PBXFileReference; fileEncoding = 4; lastKnownFileType = sourcecode.c.objc; path = AFURLSessionManager.m; sourceTree = "<group>"; };
		6FCCC8E31E978436009E09EA /* MJRefreshAutoFooter.h */ = {isa = PBXFileReference; fileEncoding = 4; lastKnownFileType = sourcecode.c.h; path = MJRefreshAutoFooter.h; sourceTree = "<group>"; };
		6FCCC8E41E978436009E09EA /* MJRefreshAutoFooter.m */ = {isa = PBXFileReference; fileEncoding = 4; lastKnownFileType = sourcecode.c.objc; path = MJRefreshAutoFooter.m; sourceTree = "<group>"; };
		6FCCC8E51E978436009E09EA /* MJRefreshBackFooter.h */ = {isa = PBXFileReference; fileEncoding = 4; lastKnownFileType = sourcecode.c.h; path = MJRefreshBackFooter.h; sourceTree = "<group>"; };
		6FCCC8E61E978436009E09EA /* MJRefreshBackFooter.m */ = {isa = PBXFileReference; fileEncoding = 4; lastKnownFileType = sourcecode.c.objc; path = MJRefreshBackFooter.m; sourceTree = "<group>"; };
		6FCCC8E71E978436009E09EA /* MJRefreshComponent.h */ = {isa = PBXFileReference; fileEncoding = 4; lastKnownFileType = sourcecode.c.h; path = MJRefreshComponent.h; sourceTree = "<group>"; };
		6FCCC8E81E978436009E09EA /* MJRefreshComponent.m */ = {isa = PBXFileReference; fileEncoding = 4; lastKnownFileType = sourcecode.c.objc; path = MJRefreshComponent.m; sourceTree = "<group>"; };
		6FCCC8E91E978436009E09EA /* MJRefreshFooter.h */ = {isa = PBXFileReference; fileEncoding = 4; lastKnownFileType = sourcecode.c.h; path = MJRefreshFooter.h; sourceTree = "<group>"; };
		6FCCC8EA1E978436009E09EA /* MJRefreshFooter.m */ = {isa = PBXFileReference; fileEncoding = 4; lastKnownFileType = sourcecode.c.objc; path = MJRefreshFooter.m; sourceTree = "<group>"; };
		6FCCC8EB1E978436009E09EA /* MJRefreshHeader.h */ = {isa = PBXFileReference; fileEncoding = 4; lastKnownFileType = sourcecode.c.h; path = MJRefreshHeader.h; sourceTree = "<group>"; };
		6FCCC8EC1E978436009E09EA /* MJRefreshHeader.m */ = {isa = PBXFileReference; fileEncoding = 4; lastKnownFileType = sourcecode.c.objc; path = MJRefreshHeader.m; sourceTree = "<group>"; };
		6FCCC8F01E978436009E09EA /* MJRefreshAutoGifFooter.h */ = {isa = PBXFileReference; fileEncoding = 4; lastKnownFileType = sourcecode.c.h; path = MJRefreshAutoGifFooter.h; sourceTree = "<group>"; };
		6FCCC8F11E978436009E09EA /* MJRefreshAutoGifFooter.m */ = {isa = PBXFileReference; fileEncoding = 4; lastKnownFileType = sourcecode.c.objc; path = MJRefreshAutoGifFooter.m; sourceTree = "<group>"; };
		6FCCC8F21E978436009E09EA /* MJRefreshAutoNormalFooter.h */ = {isa = PBXFileReference; fileEncoding = 4; lastKnownFileType = sourcecode.c.h; path = MJRefreshAutoNormalFooter.h; sourceTree = "<group>"; };
		6FCCC8F31E978436009E09EA /* MJRefreshAutoNormalFooter.m */ = {isa = PBXFileReference; fileEncoding = 4; lastKnownFileType = sourcecode.c.objc; path = MJRefreshAutoNormalFooter.m; sourceTree = "<group>"; };
		6FCCC8F41E978436009E09EA /* MJRefreshAutoStateFooter.h */ = {isa = PBXFileReference; fileEncoding = 4; lastKnownFileType = sourcecode.c.h; path = MJRefreshAutoStateFooter.h; sourceTree = "<group>"; };
		6FCCC8F51E978436009E09EA /* MJRefreshAutoStateFooter.m */ = {isa = PBXFileReference; fileEncoding = 4; lastKnownFileType = sourcecode.c.objc; path = MJRefreshAutoStateFooter.m; sourceTree = "<group>"; };
		6FCCC8F71E978436009E09EA /* MJRefreshBackGifFooter.h */ = {isa = PBXFileReference; fileEncoding = 4; lastKnownFileType = sourcecode.c.h; path = MJRefreshBackGifFooter.h; sourceTree = "<group>"; };
		6FCCC8F81E978436009E09EA /* MJRefreshBackGifFooter.m */ = {isa = PBXFileReference; fileEncoding = 4; lastKnownFileType = sourcecode.c.objc; path = MJRefreshBackGifFooter.m; sourceTree = "<group>"; };
		6FCCC8F91E978436009E09EA /* MJRefreshBackNormalFooter.h */ = {isa = PBXFileReference; fileEncoding = 4; lastKnownFileType = sourcecode.c.h; path = MJRefreshBackNormalFooter.h; sourceTree = "<group>"; };
		6FCCC8FA1E978436009E09EA /* MJRefreshBackNormalFooter.m */ = {isa = PBXFileReference; fileEncoding = 4; lastKnownFileType = sourcecode.c.objc; path = MJRefreshBackNormalFooter.m; sourceTree = "<group>"; };
		6FCCC8FB1E978436009E09EA /* MJRefreshBackStateFooter.h */ = {isa = PBXFileReference; fileEncoding = 4; lastKnownFileType = sourcecode.c.h; path = MJRefreshBackStateFooter.h; sourceTree = "<group>"; };
		6FCCC8FC1E978436009E09EA /* MJRefreshBackStateFooter.m */ = {isa = PBXFileReference; fileEncoding = 4; lastKnownFileType = sourcecode.c.objc; path = MJRefreshBackStateFooter.m; sourceTree = "<group>"; };
		6FCCC8FE1E978436009E09EA /* MJRefreshGifHeader.h */ = {isa = PBXFileReference; fileEncoding = 4; lastKnownFileType = sourcecode.c.h; path = MJRefreshGifHeader.h; sourceTree = "<group>"; };
		6FCCC8FF1E978436009E09EA /* MJRefreshGifHeader.m */ = {isa = PBXFileReference; fileEncoding = 4; lastKnownFileType = sourcecode.c.objc; path = MJRefreshGifHeader.m; sourceTree = "<group>"; };
		6FCCC9001E978436009E09EA /* MJRefreshNormalHeader.h */ = {isa = PBXFileReference; fileEncoding = 4; lastKnownFileType = sourcecode.c.h; path = MJRefreshNormalHeader.h; sourceTree = "<group>"; };
		6FCCC9011E978436009E09EA /* MJRefreshNormalHeader.m */ = {isa = PBXFileReference; fileEncoding = 4; lastKnownFileType = sourcecode.c.objc; path = MJRefreshNormalHeader.m; sourceTree = "<group>"; };
		6FCCC9021E978436009E09EA /* MJRefreshStateHeader.h */ = {isa = PBXFileReference; fileEncoding = 4; lastKnownFileType = sourcecode.c.h; path = MJRefreshStateHeader.h; sourceTree = "<group>"; };
		6FCCC9031E978436009E09EA /* MJRefreshStateHeader.m */ = {isa = PBXFileReference; fileEncoding = 4; lastKnownFileType = sourcecode.c.objc; path = MJRefreshStateHeader.m; sourceTree = "<group>"; };
		6FCCC9041E978436009E09EA /* MJRefresh.bundle */ = {isa = PBXFileReference; lastKnownFileType = "wrapper.plug-in"; path = MJRefresh.bundle; sourceTree = "<group>"; };
		6FCCC9051E978436009E09EA /* MJRefresh.h */ = {isa = PBXFileReference; fileEncoding = 4; lastKnownFileType = sourcecode.c.h; path = MJRefresh.h; sourceTree = "<group>"; };
		6FCCC9061E978436009E09EA /* MJRefreshConst.h */ = {isa = PBXFileReference; fileEncoding = 4; lastKnownFileType = sourcecode.c.h; path = MJRefreshConst.h; sourceTree = "<group>"; };
		6FCCC9071E978436009E09EA /* MJRefreshConst.m */ = {isa = PBXFileReference; fileEncoding = 4; lastKnownFileType = sourcecode.c.objc; path = MJRefreshConst.m; sourceTree = "<group>"; };
		6FCCC9081E978436009E09EA /* NSBundle+MJRefresh.h */ = {isa = PBXFileReference; fileEncoding = 4; lastKnownFileType = sourcecode.c.h; path = "NSBundle+MJRefresh.h"; sourceTree = "<group>"; };
		6FCCC9091E978436009E09EA /* NSBundle+MJRefresh.m */ = {isa = PBXFileReference; fileEncoding = 4; lastKnownFileType = sourcecode.c.objc; path = "NSBundle+MJRefresh.m"; sourceTree = "<group>"; };
		6FCCC90A1E978436009E09EA /* UIScrollView+MJExtension.h */ = {isa = PBXFileReference; fileEncoding = 4; lastKnownFileType = sourcecode.c.h; path = "UIScrollView+MJExtension.h"; sourceTree = "<group>"; };
		6FCCC90B1E978436009E09EA /* UIScrollView+MJExtension.m */ = {isa = PBXFileReference; fileEncoding = 4; lastKnownFileType = sourcecode.c.objc; path = "UIScrollView+MJExtension.m"; sourceTree = "<group>"; };
		6FCCC90C1E978436009E09EA /* UIScrollView+MJRefresh.h */ = {isa = PBXFileReference; fileEncoding = 4; lastKnownFileType = sourcecode.c.h; path = "UIScrollView+MJRefresh.h"; sourceTree = "<group>"; };
		6FCCC90D1E978436009E09EA /* UIScrollView+MJRefresh.m */ = {isa = PBXFileReference; fileEncoding = 4; lastKnownFileType = sourcecode.c.objc; path = "UIScrollView+MJRefresh.m"; sourceTree = "<group>"; };
		6FCCC90E1E978436009E09EA /* UIView+MJExtension.h */ = {isa = PBXFileReference; fileEncoding = 4; lastKnownFileType = sourcecode.c.h; path = "UIView+MJExtension.h"; sourceTree = "<group>"; };
		6FCCC90F1E978436009E09EA /* UIView+MJExtension.m */ = {isa = PBXFileReference; fileEncoding = 4; lastKnownFileType = sourcecode.c.objc; path = "UIView+MJExtension.m"; sourceTree = "<group>"; };
		6FCCC9251E97843E009E09EA /* Info.plist */ = {isa = PBXFileReference; fileEncoding = 4; lastKnownFileType = text.plist.xml; path = Info.plist; sourceTree = "<group>"; };
		6FCCC9261E97843E009E09EA /* MJExtension.h */ = {isa = PBXFileReference; fileEncoding = 4; lastKnownFileType = sourcecode.c.h; path = MJExtension.h; sourceTree = "<group>"; };
		6FCCC9271E97843E009E09EA /* MJExtensionConst.h */ = {isa = PBXFileReference; fileEncoding = 4; lastKnownFileType = sourcecode.c.h; path = MJExtensionConst.h; sourceTree = "<group>"; };
		6FCCC9281E97843E009E09EA /* MJExtensionConst.m */ = {isa = PBXFileReference; fileEncoding = 4; lastKnownFileType = sourcecode.c.objc; path = MJExtensionConst.m; sourceTree = "<group>"; };
		6FCCC9291E97843E009E09EA /* MJFoundation.h */ = {isa = PBXFileReference; fileEncoding = 4; lastKnownFileType = sourcecode.c.h; path = MJFoundation.h; sourceTree = "<group>"; };
		6FCCC92A1E97843E009E09EA /* MJFoundation.m */ = {isa = PBXFileReference; fileEncoding = 4; lastKnownFileType = sourcecode.c.objc; path = MJFoundation.m; sourceTree = "<group>"; };
		6FCCC92B1E97843E009E09EA /* MJProperty.h */ = {isa = PBXFileReference; fileEncoding = 4; lastKnownFileType = sourcecode.c.h; path = MJProperty.h; sourceTree = "<group>"; };
		6FCCC92C1E97843E009E09EA /* MJProperty.m */ = {isa = PBXFileReference; fileEncoding = 4; lastKnownFileType = sourcecode.c.objc; path = MJProperty.m; sourceTree = "<group>"; };
		6FCCC92D1E97843E009E09EA /* MJPropertyKey.h */ = {isa = PBXFileReference; fileEncoding = 4; lastKnownFileType = sourcecode.c.h; path = MJPropertyKey.h; sourceTree = "<group>"; };
		6FCCC92E1E97843E009E09EA /* MJPropertyKey.m */ = {isa = PBXFileReference; fileEncoding = 4; lastKnownFileType = sourcecode.c.objc; path = MJPropertyKey.m; sourceTree = "<group>"; };
		6FCCC92F1E97843E009E09EA /* MJPropertyType.h */ = {isa = PBXFileReference; fileEncoding = 4; lastKnownFileType = sourcecode.c.h; path = MJPropertyType.h; sourceTree = "<group>"; };
		6FCCC9301E97843E009E09EA /* MJPropertyType.m */ = {isa = PBXFileReference; fileEncoding = 4; lastKnownFileType = sourcecode.c.objc; path = MJPropertyType.m; sourceTree = "<group>"; };
		6FCCC9311E97843E009E09EA /* NSObject+MJClass.h */ = {isa = PBXFileReference; fileEncoding = 4; lastKnownFileType = sourcecode.c.h; path = "NSObject+MJClass.h"; sourceTree = "<group>"; };
		6FCCC9321E97843E009E09EA /* NSObject+MJClass.m */ = {isa = PBXFileReference; fileEncoding = 4; lastKnownFileType = sourcecode.c.objc; path = "NSObject+MJClass.m"; sourceTree = "<group>"; };
		6FCCC9331E97843E009E09EA /* NSObject+MJCoding.h */ = {isa = PBXFileReference; fileEncoding = 4; lastKnownFileType = sourcecode.c.h; path = "NSObject+MJCoding.h"; sourceTree = "<group>"; };
		6FCCC9341E97843E009E09EA /* NSObject+MJCoding.m */ = {isa = PBXFileReference; fileEncoding = 4; lastKnownFileType = sourcecode.c.objc; path = "NSObject+MJCoding.m"; sourceTree = "<group>"; };
		6FCCC9351E97843E009E09EA /* NSObject+MJKeyValue.h */ = {isa = PBXFileReference; fileEncoding = 4; lastKnownFileType = sourcecode.c.h; path = "NSObject+MJKeyValue.h"; sourceTree = "<group>"; };
		6FCCC9361E97843E009E09EA /* NSObject+MJKeyValue.m */ = {isa = PBXFileReference; fileEncoding = 4; lastKnownFileType = sourcecode.c.objc; path = "NSObject+MJKeyValue.m"; sourceTree = "<group>"; };
		6FCCC9371E97843E009E09EA /* NSObject+MJProperty.h */ = {isa = PBXFileReference; fileEncoding = 4; lastKnownFileType = sourcecode.c.h; path = "NSObject+MJProperty.h"; sourceTree = "<group>"; };
		6FCCC9381E97843E009E09EA /* NSObject+MJProperty.m */ = {isa = PBXFileReference; fileEncoding = 4; lastKnownFileType = sourcecode.c.objc; path = "NSObject+MJProperty.m"; sourceTree = "<group>"; };
		6FCCC9391E97843E009E09EA /* NSString+MJExtension.h */ = {isa = PBXFileReference; fileEncoding = 4; lastKnownFileType = sourcecode.c.h; path = "NSString+MJExtension.h"; sourceTree = "<group>"; };
		6FCCC93A1E97843E009E09EA /* NSString+MJExtension.m */ = {isa = PBXFileReference; fileEncoding = 4; lastKnownFileType = sourcecode.c.objc; path = "NSString+MJExtension.m"; sourceTree = "<group>"; };
		6FCCC9471E97844A009E09EA /* MASCompositeConstraint.h */ = {isa = PBXFileReference; fileEncoding = 4; lastKnownFileType = sourcecode.c.h; path = MASCompositeConstraint.h; sourceTree = "<group>"; };
		6FCCC9481E97844A009E09EA /* MASCompositeConstraint.m */ = {isa = PBXFileReference; fileEncoding = 4; lastKnownFileType = sourcecode.c.objc; path = MASCompositeConstraint.m; sourceTree = "<group>"; };
		6FCCC9491E97844A009E09EA /* MASConstraint+Private.h */ = {isa = PBXFileReference; fileEncoding = 4; lastKnownFileType = sourcecode.c.h; path = "MASConstraint+Private.h"; sourceTree = "<group>"; };
		6FCCC94A1E97844A009E09EA /* MASConstraint.h */ = {isa = PBXFileReference; fileEncoding = 4; lastKnownFileType = sourcecode.c.h; path = MASConstraint.h; sourceTree = "<group>"; };
		6FCCC94B1E97844A009E09EA /* MASConstraint.m */ = {isa = PBXFileReference; fileEncoding = 4; lastKnownFileType = sourcecode.c.objc; path = MASConstraint.m; sourceTree = "<group>"; };
		6FCCC94C1E97844A009E09EA /* MASConstraintMaker.h */ = {isa = PBXFileReference; fileEncoding = 4; lastKnownFileType = sourcecode.c.h; path = MASConstraintMaker.h; sourceTree = "<group>"; };
		6FCCC94D1E97844A009E09EA /* MASConstraintMaker.m */ = {isa = PBXFileReference; fileEncoding = 4; lastKnownFileType = sourcecode.c.objc; path = MASConstraintMaker.m; sourceTree = "<group>"; };
		6FCCC94E1E97844A009E09EA /* MASLayoutConstraint.h */ = {isa = PBXFileReference; fileEncoding = 4; lastKnownFileType = sourcecode.c.h; path = MASLayoutConstraint.h; sourceTree = "<group>"; };
		6FCCC94F1E97844A009E09EA /* MASLayoutConstraint.m */ = {isa = PBXFileReference; fileEncoding = 4; lastKnownFileType = sourcecode.c.objc; path = MASLayoutConstraint.m; sourceTree = "<group>"; };
		6FCCC9501E97844A009E09EA /* Masonry.h */ = {isa = PBXFileReference; fileEncoding = 4; lastKnownFileType = sourcecode.c.h; path = Masonry.h; sourceTree = "<group>"; };
		6FCCC9511E97844A009E09EA /* MASUtilities.h */ = {isa = PBXFileReference; fileEncoding = 4; lastKnownFileType = sourcecode.c.h; path = MASUtilities.h; sourceTree = "<group>"; };
		6FCCC9521E97844A009E09EA /* MASViewAttribute.h */ = {isa = PBXFileReference; fileEncoding = 4; lastKnownFileType = sourcecode.c.h; path = MASViewAttribute.h; sourceTree = "<group>"; };
		6FCCC9531E97844A009E09EA /* MASViewAttribute.m */ = {isa = PBXFileReference; fileEncoding = 4; lastKnownFileType = sourcecode.c.objc; path = MASViewAttribute.m; sourceTree = "<group>"; };
		6FCCC9541E97844A009E09EA /* MASViewConstraint.h */ = {isa = PBXFileReference; fileEncoding = 4; lastKnownFileType = sourcecode.c.h; path = MASViewConstraint.h; sourceTree = "<group>"; };
		6FCCC9551E97844A009E09EA /* MASViewConstraint.m */ = {isa = PBXFileReference; fileEncoding = 4; lastKnownFileType = sourcecode.c.objc; path = MASViewConstraint.m; sourceTree = "<group>"; };
		6FCCC9561E97844A009E09EA /* NSArray+MASAdditions.h */ = {isa = PBXFileReference; fileEncoding = 4; lastKnownFileType = sourcecode.c.h; path = "NSArray+MASAdditions.h"; sourceTree = "<group>"; };
		6FCCC9571E97844A009E09EA /* NSArray+MASAdditions.m */ = {isa = PBXFileReference; fileEncoding = 4; lastKnownFileType = sourcecode.c.objc; path = "NSArray+MASAdditions.m"; sourceTree = "<group>"; };
		6FCCC9581E97844A009E09EA /* NSArray+MASShorthandAdditions.h */ = {isa = PBXFileReference; fileEncoding = 4; lastKnownFileType = sourcecode.c.h; path = "NSArray+MASShorthandAdditions.h"; sourceTree = "<group>"; };
		6FCCC9591E97844A009E09EA /* NSLayoutConstraint+MASDebugAdditions.h */ = {isa = PBXFileReference; fileEncoding = 4; lastKnownFileType = sourcecode.c.h; path = "NSLayoutConstraint+MASDebugAdditions.h"; sourceTree = "<group>"; };
		6FCCC95A1E97844A009E09EA /* NSLayoutConstraint+MASDebugAdditions.m */ = {isa = PBXFileReference; fileEncoding = 4; lastKnownFileType = sourcecode.c.objc; path = "NSLayoutConstraint+MASDebugAdditions.m"; sourceTree = "<group>"; };
		6FCCC95B1E97844A009E09EA /* View+MASAdditions.h */ = {isa = PBXFileReference; fileEncoding = 4; lastKnownFileType = sourcecode.c.h; path = "View+MASAdditions.h"; sourceTree = "<group>"; };
		6FCCC95C1E97844A009E09EA /* View+MASAdditions.m */ = {isa = PBXFileReference; fileEncoding = 4; lastKnownFileType = sourcecode.c.objc; path = "View+MASAdditions.m"; sourceTree = "<group>"; };
		6FCCC95D1E97844A009E09EA /* View+MASShorthandAdditions.h */ = {isa = PBXFileReference; fileEncoding = 4; lastKnownFileType = sourcecode.c.h; path = "View+MASShorthandAdditions.h"; sourceTree = "<group>"; };
		6FCCC96B1E97851D009E09EA /* SJXBaseTabBarController.h */ = {isa = PBXFileReference; fileEncoding = 4; lastKnownFileType = sourcecode.c.h; path = SJXBaseTabBarController.h; sourceTree = "<group>"; };
		6FCCC96C1E97851D009E09EA /* SJXBaseTabBarController.m */ = {isa = PBXFileReference; fileEncoding = 4; lastKnownFileType = sourcecode.c.objc; path = SJXBaseTabBarController.m; sourceTree = "<group>"; };
		6FCCC96E1E978538009E09EA /* SJXBaseNavigationController.h */ = {isa = PBXFileReference; fileEncoding = 4; lastKnownFileType = sourcecode.c.h; path = SJXBaseNavigationController.h; sourceTree = "<group>"; };
		6FCCC96F1E978538009E09EA /* SJXBaseNavigationController.m */ = {isa = PBXFileReference; fileEncoding = 4; lastKnownFileType = sourcecode.c.objc; path = SJXBaseNavigationController.m; sourceTree = "<group>"; };
		6FCCC9711E9785B8009E09EA /* SJXTestOneViewController.h */ = {isa = PBXFileReference; fileEncoding = 4; lastKnownFileType = sourcecode.c.h; path = SJXTestOneViewController.h; sourceTree = "<group>"; };
		6FCCC9721E9785B8009E09EA /* SJXTestOneViewController.m */ = {isa = PBXFileReference; fileEncoding = 4; lastKnownFileType = sourcecode.c.objc; path = SJXTestOneViewController.m; sourceTree = "<group>"; };
		6FCCC9741E9785C3009E09EA /* SJXTestTwoViewController.h */ = {isa = PBXFileReference; fileEncoding = 4; lastKnownFileType = sourcecode.c.h; path = SJXTestTwoViewController.h; sourceTree = "<group>"; };
		6FCCC9751E9785C3009E09EA /* SJXTestTwoViewController.m */ = {isa = PBXFileReference; fileEncoding = 4; lastKnownFileType = sourcecode.c.objc; path = SJXTestTwoViewController.m; sourceTree = "<group>"; };
		6FCCC9781E9788FF009E09EA /* SJXNetworkTool.h */ = {isa = PBXFileReference; fileEncoding = 4; lastKnownFileType = sourcecode.c.h; path = SJXNetworkTool.h; sourceTree = "<group>"; };
		6FCCC9791E9788FF009E09EA /* SJXNetworkTool.m */ = {isa = PBXFileReference; fileEncoding = 4; lastKnownFileType = sourcecode.c.objc; path = SJXNetworkTool.m; sourceTree = "<group>"; };
		6FCCC97B1E978C21009E09EA /* SJXRefreshHeader.h */ = {isa = PBXFileReference; fileEncoding = 4; lastKnownFileType = sourcecode.c.h; path = SJXRefreshHeader.h; sourceTree = "<group>"; };
		6FCCC97C1E978C21009E09EA /* SJXRefreshHeader.m */ = {isa = PBXFileReference; fileEncoding = 4; lastKnownFileType = sourcecode.c.objc; path = SJXRefreshHeader.m; sourceTree = "<group>"; };
		6FCCC97E1E978C40009E09EA /* SJXRefreshFooter.h */ = {isa = PBXFileReference; fileEncoding = 4; lastKnownFileType = sourcecode.c.h; path = SJXRefreshFooter.h; sourceTree = "<group>"; };
		6FCCC97F1E978C40009E09EA /* SJXRefreshFooter.m */ = {isa = PBXFileReference; fileEncoding = 4; lastKnownFileType = sourcecode.c.objc; path = SJXRefreshFooter.m; sourceTree = "<group>"; };
		6FCCC9811E978C6E009E09EA /* Header.h */ = {isa = PBXFileReference; lastKnownFileType = sourcecode.c.h; path = Header.h; sourceTree = "<group>"; };
		6FCCC9821E978E28009E09EA /* PrefixHeader.pch */ = {isa = PBXFileReference; lastKnownFileType = sourcecode.c.h; path = PrefixHeader.pch; sourceTree = "<group>"; };
		6FCCC9841E979685009E09EA /* NSObject+SJXExtension.h */ = {isa = PBXFileReference; fileEncoding = 4; lastKnownFileType = sourcecode.c.h; path = "NSObject+SJXExtension.h"; sourceTree = "<group>"; };
		6FCCC9851E979685009E09EA /* NSObject+SJXExtension.m */ = {isa = PBXFileReference; fileEncoding = 4; lastKnownFileType = sourcecode.c.objc; path = "NSObject+SJXExtension.m"; sourceTree = "<group>"; };
/* End PBXFileReference section */

/* Begin PBXFrameworksBuildPhase section */
		6FCCC8931E9783C6009E09EA /* Frameworks */ = {
			isa = PBXFrameworksBuildPhase;
			buildActionMask = 2147483647;
			files = (
			);
			runOnlyForDeploymentPostprocessing = 0;
		};
		6FCCC8AC1E9783C6009E09EA /* Frameworks */ = {
			isa = PBXFrameworksBuildPhase;
			buildActionMask = 2147483647;
			files = (
			);
			runOnlyForDeploymentPostprocessing = 0;
		};
		6FCCC8B71E9783C6009E09EA /* Frameworks */ = {
			isa = PBXFrameworksBuildPhase;
			buildActionMask = 2147483647;
			files = (
			);
			runOnlyForDeploymentPostprocessing = 0;
		};
/* End PBXFrameworksBuildPhase section */

/* Begin PBXGroup section */
		6FCCC88D1E9783C6009E09EA = {
			isa = PBXGroup;
			children = (
				6FCCC8981E9783C6009E09EA /* SimulateHttpRequestDataDemo */,
				6FCCC8B21E9783C6009E09EA /* SimulateHttpRequestDataDemoTests */,
				6FCCC8BD1E9783C6009E09EA /* SimulateHttpRequestDataDemoUITests */,
				6FCCC8971E9783C6009E09EA /* Products */,
			);
			sourceTree = "<group>";
		};
		6FCCC8971E9783C6009E09EA /* Products */ = {
			isa = PBXGroup;
			children = (
				6FCCC8961E9783C6009E09EA /* SimulateHttpRequestDataDemo.app */,
				6FCCC8AF1E9783C6009E09EA /* SimulateHttpRequestDataDemoTests.xctest */,
				6FCCC8BA1E9783C6009E09EA /* SimulateHttpRequestDataDemoUITests.xctest */,
			);
			name = Products;
			sourceTree = "<group>";
		};
		6FCCC8981E9783C6009E09EA /* SimulateHttpRequestDataDemo */ = {
			isa = PBXGroup;
			children = (
				6FCCC9671E9784AA009E09EA /* Class */,
				6FCCC8CC1E978422009E09EA /* 3lib */,
				6FCCC89C1E9783C6009E09EA /* AppDelegate.h */,
				6FCCC89D1E9783C6009E09EA /* AppDelegate.m */,
				6FCCC8A51E9783C6009E09EA /* Assets.xcassets */,
				6FCCC8A71E9783C6009E09EA /* LaunchScreen.storyboard */,
				6FCCC9811E978C6E009E09EA /* Header.h */,
				6FCCC9821E978E28009E09EA /* PrefixHeader.pch */,
				6FCCC8AA1E9783C6009E09EA /* Info.plist */,
				6FCCC8991E9783C6009E09EA /* Supporting Files */,
			);
			path = SimulateHttpRequestDataDemo;
			sourceTree = "<group>";
		};
		6FCCC8991E9783C6009E09EA /* Supporting Files */ = {
			isa = PBXGroup;
			children = (
				6FCCC89A1E9783C6009E09EA /* main.m */,
			);
			name = "Supporting Files";
			sourceTree = "<group>";
		};
		6FCCC8B21E9783C6009E09EA /* SimulateHttpRequestDataDemoTests */ = {
			isa = PBXGroup;
			children = (
				6FCCC8B31E9783C6009E09EA /* SimulateHttpRequestDataDemoTests.m */,
				6FCCC8B51E9783C6009E09EA /* Info.plist */,
			);
			path = SimulateHttpRequestDataDemoTests;
			sourceTree = "<group>";
		};
		6FCCC8BD1E9783C6009E09EA /* SimulateHttpRequestDataDemoUITests */ = {
			isa = PBXGroup;
			children = (
				6FCCC8BE1E9783C6009E09EA /* SimulateHttpRequestDataDemoUITests.m */,
				6FCCC8C01E9783C6009E09EA /* Info.plist */,
			);
			path = SimulateHttpRequestDataDemoUITests;
			sourceTree = "<group>";
		};
		6FCCC8CC1E978422009E09EA /* 3lib */ = {
			isa = PBXGroup;
			children = (
				6FCCC9461E97844A009E09EA /* Masonry */,
				6FCCC9241E97843E009E09EA /* MJExtension */,
				6FCCC8E11E978436009E09EA /* MJRefresh */,
				6FCCC8CD1E97842B009E09EA /* AFNetworking 3.0.4 */,
			);
			path = 3lib;
			sourceTree = "<group>";
		};
		6FCCC8CD1E97842B009E09EA /* AFNetworking 3.0.4 */ = {
			isa = PBXGroup;
			children = (
				6FCCC8CE1E97842B009E09EA /* AFHTTPSessionManager.h */,
				6FCCC8CF1E97842B009E09EA /* AFHTTPSessionManager.m */,
				6FCCC8D01E97842B009E09EA /* AFNetworking.h */,
				6FCCC8D11E97842B009E09EA /* AFNetworkReachabilityManager.h */,
				6FCCC8D21E97842B009E09EA /* AFNetworkReachabilityManager.m */,
				6FCCC8D31E97842B009E09EA /* AFSecurityPolicy.h */,
				6FCCC8D41E97842B009E09EA /* AFSecurityPolicy.m */,
				6FCCC8D51E97842B009E09EA /* AFURLRequestSerialization.h */,
				6FCCC8D61E97842B009E09EA /* AFURLRequestSerialization.m */,
				6FCCC8D71E97842B009E09EA /* AFURLResponseSerialization.h */,
				6FCCC8D81E97842B009E09EA /* AFURLResponseSerialization.m */,
				6FCCC8D91E97842B009E09EA /* AFURLSessionManager.h */,
				6FCCC8DA1E97842B009E09EA /* AFURLSessionManager.m */,
			);
			path = "AFNetworking 3.0.4";
			sourceTree = "<group>";
		};
		6FCCC8E11E978436009E09EA /* MJRefresh */ = {
			isa = PBXGroup;
			children = (
				6FCCC8E21E978436009E09EA /* Base */,
				6FCCC8ED1E978436009E09EA /* Custom */,
				6FCCC9041E978436009E09EA /* MJRefresh.bundle */,
				6FCCC9051E978436009E09EA /* MJRefresh.h */,
				6FCCC9061E978436009E09EA /* MJRefreshConst.h */,
				6FCCC9071E978436009E09EA /* MJRefreshConst.m */,
				6FCCC9081E978436009E09EA /* NSBundle+MJRefresh.h */,
				6FCCC9091E978436009E09EA /* NSBundle+MJRefresh.m */,
				6FCCC90A1E978436009E09EA /* UIScrollView+MJExtension.h */,
				6FCCC90B1E978436009E09EA /* UIScrollView+MJExtension.m */,
				6FCCC90C1E978436009E09EA /* UIScrollView+MJRefresh.h */,
				6FCCC90D1E978436009E09EA /* UIScrollView+MJRefresh.m */,
				6FCCC90E1E978436009E09EA /* UIView+MJExtension.h */,
				6FCCC90F1E978436009E09EA /* UIView+MJExtension.m */,
			);
			path = MJRefresh;
			sourceTree = "<group>";
		};
		6FCCC8E21E978436009E09EA /* Base */ = {
			isa = PBXGroup;
			children = (
				6FCCC8E31E978436009E09EA /* MJRefreshAutoFooter.h */,
				6FCCC8E41E978436009E09EA /* MJRefreshAutoFooter.m */,
				6FCCC8E51E978436009E09EA /* MJRefreshBackFooter.h */,
				6FCCC8E61E978436009E09EA /* MJRefreshBackFooter.m */,
				6FCCC8E71E978436009E09EA /* MJRefreshComponent.h */,
				6FCCC8E81E978436009E09EA /* MJRefreshComponent.m */,
				6FCCC8E91E978436009E09EA /* MJRefreshFooter.h */,
				6FCCC8EA1E978436009E09EA /* MJRefreshFooter.m */,
				6FCCC8EB1E978436009E09EA /* MJRefreshHeader.h */,
				6FCCC8EC1E978436009E09EA /* MJRefreshHeader.m */,
			);
			path = Base;
			sourceTree = "<group>";
		};
		6FCCC8ED1E978436009E09EA /* Custom */ = {
			isa = PBXGroup;
			children = (
				6FCCC8EE1E978436009E09EA /* Footer */,
				6FCCC8FD1E978436009E09EA /* Header */,
			);
			path = Custom;
			sourceTree = "<group>";
		};
		6FCCC8EE1E978436009E09EA /* Footer */ = {
			isa = PBXGroup;
			children = (
				6FCCC8EF1E978436009E09EA /* Auto */,
				6FCCC8F61E978436009E09EA /* Back */,
			);
			path = Footer;
			sourceTree = "<group>";
		};
		6FCCC8EF1E978436009E09EA /* Auto */ = {
			isa = PBXGroup;
			children = (
				6FCCC8F01E978436009E09EA /* MJRefreshAutoGifFooter.h */,
				6FCCC8F11E978436009E09EA /* MJRefreshAutoGifFooter.m */,
				6FCCC8F21E978436009E09EA /* MJRefreshAutoNormalFooter.h */,
				6FCCC8F31E978436009E09EA /* MJRefreshAutoNormalFooter.m */,
				6FCCC8F41E978436009E09EA /* MJRefreshAutoStateFooter.h */,
				6FCCC8F51E978436009E09EA /* MJRefreshAutoStateFooter.m */,
			);
			path = Auto;
			sourceTree = "<group>";
		};
		6FCCC8F61E978436009E09EA /* Back */ = {
			isa = PBXGroup;
			children = (
				6FCCC8F71E978436009E09EA /* MJRefreshBackGifFooter.h */,
				6FCCC8F81E978436009E09EA /* MJRefreshBackGifFooter.m */,
				6FCCC8F91E978436009E09EA /* MJRefreshBackNormalFooter.h */,
				6FCCC8FA1E978436009E09EA /* MJRefreshBackNormalFooter.m */,
				6FCCC8FB1E978436009E09EA /* MJRefreshBackStateFooter.h */,
				6FCCC8FC1E978436009E09EA /* MJRefreshBackStateFooter.m */,
			);
			path = Back;
			sourceTree = "<group>";
		};
		6FCCC8FD1E978436009E09EA /* Header */ = {
			isa = PBXGroup;
			children = (
				6FCCC8FE1E978436009E09EA /* MJRefreshGifHeader.h */,
				6FCCC8FF1E978436009E09EA /* MJRefreshGifHeader.m */,
				6FCCC9001E978436009E09EA /* MJRefreshNormalHeader.h */,
				6FCCC9011E978436009E09EA /* MJRefreshNormalHeader.m */,
				6FCCC9021E978436009E09EA /* MJRefreshStateHeader.h */,
				6FCCC9031E978436009E09EA /* MJRefreshStateHeader.m */,
			);
			path = Header;
			sourceTree = "<group>";
		};
		6FCCC9241E97843E009E09EA /* MJExtension */ = {
			isa = PBXGroup;
			children = (
				6FCCC9251E97843E009E09EA /* Info.plist */,
				6FCCC9261E97843E009E09EA /* MJExtension.h */,
				6FCCC9271E97843E009E09EA /* MJExtensionConst.h */,
				6FCCC9281E97843E009E09EA /* MJExtensionConst.m */,
				6FCCC9291E97843E009E09EA /* MJFoundation.h */,
				6FCCC92A1E97843E009E09EA /* MJFoundation.m */,
				6FCCC92B1E97843E009E09EA /* MJProperty.h */,
				6FCCC92C1E97843E009E09EA /* MJProperty.m */,
				6FCCC92D1E97843E009E09EA /* MJPropertyKey.h */,
				6FCCC92E1E97843E009E09EA /* MJPropertyKey.m */,
				6FCCC92F1E97843E009E09EA /* MJPropertyType.h */,
				6FCCC9301E97843E009E09EA /* MJPropertyType.m */,
				6FCCC9311E97843E009E09EA /* NSObject+MJClass.h */,
				6FCCC9321E97843E009E09EA /* NSObject+MJClass.m */,
				6FCCC9331E97843E009E09EA /* NSObject+MJCoding.h */,
				6FCCC9341E97843E009E09EA /* NSObject+MJCoding.m */,
				6FCCC9351E97843E009E09EA /* NSObject+MJKeyValue.h */,
				6FCCC9361E97843E009E09EA /* NSObject+MJKeyValue.m */,
				6FCCC9371E97843E009E09EA /* NSObject+MJProperty.h */,
				6FCCC9381E97843E009E09EA /* NSObject+MJProperty.m */,
				6FCCC9391E97843E009E09EA /* NSString+MJExtension.h */,
				6FCCC93A1E97843E009E09EA /* NSString+MJExtension.m */,
			);
			path = MJExtension;
			sourceTree = "<group>";
		};
		6FCCC9461E97844A009E09EA /* Masonry */ = {
			isa = PBXGroup;
			children = (
				6FCCC9471E97844A009E09EA /* MASCompositeConstraint.h */,
				6FCCC9481E97844A009E09EA /* MASCompositeConstraint.m */,
				6FCCC9491E97844A009E09EA /* MASConstraint+Private.h */,
				6FCCC94A1E97844A009E09EA /* MASConstraint.h */,
				6FCCC94B1E97844A009E09EA /* MASConstraint.m */,
				6FCCC94C1E97844A009E09EA /* MASConstraintMaker.h */,
				6FCCC94D1E97844A009E09EA /* MASConstraintMaker.m */,
				6FCCC94E1E97844A009E09EA /* MASLayoutConstraint.h */,
				6FCCC94F1E97844A009E09EA /* MASLayoutConstraint.m */,
				6FCCC9501E97844A009E09EA /* Masonry.h */,
				6FCCC9511E97844A009E09EA /* MASUtilities.h */,
				6FCCC9521E97844A009E09EA /* MASViewAttribute.h */,
				6FCCC9531E97844A009E09EA /* MASViewAttribute.m */,
				6FCCC9541E97844A009E09EA /* MASViewConstraint.h */,
				6FCCC9551E97844A009E09EA /* MASViewConstraint.m */,
				6FCCC9561E97844A009E09EA /* NSArray+MASAdditions.h */,
				6FCCC9571E97844A009E09EA /* NSArray+MASAdditions.m */,
				6FCCC9581E97844A009E09EA /* NSArray+MASShorthandAdditions.h */,
				6FCCC9591E97844A009E09EA /* NSLayoutConstraint+MASDebugAdditions.h */,
				6FCCC95A1E97844A009E09EA /* NSLayoutConstraint+MASDebugAdditions.m */,
				6FCCC95B1E97844A009E09EA /* View+MASAdditions.h */,
				6FCCC95C1E97844A009E09EA /* View+MASAdditions.m */,
				6FCCC95D1E97844A009E09EA /* View+MASShorthandAdditions.h */,
			);
			path = Masonry;
			sourceTree = "<group>";
		};
		6FCCC9671E9784AA009E09EA /* Class */ = {
			isa = PBXGroup;
			children = (
				6FCCC9831E979665009E09EA /* Categray */,
				6FCCC9771E9788E8009E09EA /* Tool */,
				6FCCC9681E9784AA009E09EA /* Controller */,
				6FCCC9691E9784AA009E09EA /* Model */,
				6FCCC96A1E9784AA009E09EA /* View */,
			);
			path = Class;
			sourceTree = "<group>";
		};
		6FCCC9681E9784AA009E09EA /* Controller */ = {
			isa = PBXGroup;
			children = (
				6FCCC96B1E97851D009E09EA /* SJXBaseTabBarController.h */,
				6FCCC96C1E97851D009E09EA /* SJXBaseTabBarController.m */,
				6FCCC96E1E978538009E09EA /* SJXBaseNavigationController.h */,
				6FCCC96F1E978538009E09EA /* SJXBaseNavigationController.m */,
				6FCCC9711E9785B8009E09EA /* SJXTestOneViewController.h */,
				6FCCC9721E9785B8009E09EA /* SJXTestOneViewController.m */,
				6FCCC9741E9785C3009E09EA /* SJXTestTwoViewController.h */,
				6FCCC9751E9785C3009E09EA /* SJXTestTwoViewController.m */,
			);
			path = Controller;
			sourceTree = "<group>";
		};
		6FCCC9691E9784AA009E09EA /* Model */ = {
			isa = PBXGroup;
			children = (
			);
			path = Model;
			sourceTree = "<group>";
		};
		6FCCC96A1E9784AA009E09EA /* View */ = {
			isa = PBXGroup;
			children = (
			);
			path = View;
			sourceTree = "<group>";
		};
		6FCCC9771E9788E8009E09EA /* Tool */ = {
			isa = PBXGroup;
			children = (
				6FCCC9781E9788FF009E09EA /* SJXNetworkTool.h */,
				6FCCC9791E9788FF009E09EA /* SJXNetworkTool.m */,
				6FCCC97B1E978C21009E09EA /* SJXRefreshHeader.h */,
				6FCCC97C1E978C21009E09EA /* SJXRefreshHeader.m */,
				6FCCC97E1E978C40009E09EA /* SJXRefreshFooter.h */,
				6FCCC97F1E978C40009E09EA /* SJXRefreshFooter.m */,
			);
			path = Tool;
			sourceTree = "<group>";
		};
		6FCCC9831E979665009E09EA /* Categray */ = {
			isa = PBXGroup;
			children = (
				6FCCC9841E979685009E09EA /* NSObject+SJXExtension.h */,
				6FCCC9851E979685009E09EA /* NSObject+SJXExtension.m */,
			);
			path = Categray;
			sourceTree = "<group>";
		};
/* End PBXGroup section */

/* Begin PBXNativeTarget section */
		6FCCC8951E9783C6009E09EA /* SimulateHttpRequestDataDemo */ = {
			isa = PBXNativeTarget;
			buildConfigurationList = 6FCCC8C31E9783C6009E09EA /* Build configuration list for PBXNativeTarget "SimulateHttpRequestDataDemo" */;
			buildPhases = (
				6FCCC8921E9783C6009E09EA /* Sources */,
				6FCCC8931E9783C6009E09EA /* Frameworks */,
				6FCCC8941E9783C6009E09EA /* Resources */,
			);
			buildRules = (
			);
			dependencies = (
			);
			name = SimulateHttpRequestDataDemo;
			productName = SimulateHttpRequestDataDemo;
			productReference = 6FCCC8961E9783C6009E09EA /* SimulateHttpRequestDataDemo.app */;
			productType = "com.apple.product-type.application";
		};
		6FCCC8AE1E9783C6009E09EA /* SimulateHttpRequestDataDemoTests */ = {
			isa = PBXNativeTarget;
			buildConfigurationList = 6FCCC8C61E9783C6009E09EA /* Build configuration list for PBXNativeTarget "SimulateHttpRequestDataDemoTests" */;
			buildPhases = (
				6FCCC8AB1E9783C6009E09EA /* Sources */,
				6FCCC8AC1E9783C6009E09EA /* Frameworks */,
				6FCCC8AD1E9783C6009E09EA /* Resources */,
			);
			buildRules = (
			);
			dependencies = (
				6FCCC8B11E9783C6009E09EA /* PBXTargetDependency */,
			);
			name = SimulateHttpRequestDataDemoTests;
			productName = SimulateHttpRequestDataDemoTests;
			productReference = 6FCCC8AF1E9783C6009E09EA /* SimulateHttpRequestDataDemoTests.xctest */;
			productType = "com.apple.product-type.bundle.unit-test";
		};
		6FCCC8B91E9783C6009E09EA /* SimulateHttpRequestDataDemoUITests */ = {
			isa = PBXNativeTarget;
			buildConfigurationList = 6FCCC8C91E9783C6009E09EA /* Build configuration list for PBXNativeTarget "SimulateHttpRequestDataDemoUITests" */;
			buildPhases = (
				6FCCC8B61E9783C6009E09EA /* Sources */,
				6FCCC8B71E9783C6009E09EA /* Frameworks */,
				6FCCC8B81E9783C6009E09EA /* Resources */,
			);
			buildRules = (
			);
			dependencies = (
				6FCCC8BC1E9783C6009E09EA /* PBXTargetDependency */,
			);
			name = SimulateHttpRequestDataDemoUITests;
			productName = SimulateHttpRequestDataDemoUITests;
			productReference = 6FCCC8BA1E9783C6009E09EA /* SimulateHttpRequestDataDemoUITests.xctest */;
			productType = "com.apple.product-type.bundle.ui-testing";
		};
/* End PBXNativeTarget section */

/* Begin PBXProject section */
		6FCCC88E1E9783C6009E09EA /* Project object */ = {
			isa = PBXProject;
			attributes = {
				CLASSPREFIX = SJX;
				LastUpgradeCheck = 0830;
				ORGANIZATIONNAME = sjx;
				TargetAttributes = {
					6FCCC8951E9783C6009E09EA = {
						CreatedOnToolsVersion = 8.3.1;
						DevelopmentTeam = 5XS2GHE2MA;
						ProvisioningStyle = Automatic;
					};
					6FCCC8AE1E9783C6009E09EA = {
						CreatedOnToolsVersion = 8.3.1;
						DevelopmentTeam = 5XS2GHE2MA;
						ProvisioningStyle = Automatic;
						TestTargetID = 6FCCC8951E9783C6009E09EA;
					};
					6FCCC8B91E9783C6009E09EA = {
						CreatedOnToolsVersion = 8.3.1;
						DevelopmentTeam = 5XS2GHE2MA;
						ProvisioningStyle = Automatic;
						TestTargetID = 6FCCC8951E9783C6009E09EA;
					};
				};
			};
			buildConfigurationList = 6FCCC8911E9783C6009E09EA /* Build configuration list for PBXProject "SimulateHttpRequestDataDemo" */;
			compatibilityVersion = "Xcode 3.2";
			developmentRegion = English;
			hasScannedForEncodings = 0;
			knownRegions = (
				en,
				Base,
			);
			mainGroup = 6FCCC88D1E9783C6009E09EA;
			productRefGroup = 6FCCC8971E9783C6009E09EA /* Products */;
			projectDirPath = "";
			projectRoot = "";
			targets = (
				6FCCC8951E9783C6009E09EA /* SimulateHttpRequestDataDemo */,
				6FCCC8AE1E9783C6009E09EA /* SimulateHttpRequestDataDemoTests */,
				6FCCC8B91E9783C6009E09EA /* SimulateHttpRequestDataDemoUITests */,
			);
		};
/* End PBXProject section */

/* Begin PBXResourcesBuildPhase section */
		6FCCC8941E9783C6009E09EA /* Resources */ = {
			isa = PBXResourcesBuildPhase;
			buildActionMask = 2147483647;
			files = (
				6FCCC8A91E9783C6009E09EA /* LaunchScreen.storyboard in Resources */,
				6FCCC8A61E9783C6009E09EA /* Assets.xcassets in Resources */,
				6FCCC91E1E978436009E09EA /* MJRefresh.bundle in Resources */,
				6FCCC93B1E97843E009E09EA /* Info.plist in Resources */,
			);
			runOnlyForDeploymentPostprocessing = 0;
		};
		6FCCC8AD1E9783C6009E09EA /* Resources */ = {
			isa = PBXResourcesBuildPhase;
			buildActionMask = 2147483647;
			files = (
			);
			runOnlyForDeploymentPostprocessing = 0;
		};
		6FCCC8B81E9783C6009E09EA /* Resources */ = {
			isa = PBXResourcesBuildPhase;
			buildActionMask = 2147483647;
			files = (
			);
			runOnlyForDeploymentPostprocessing = 0;
		};
/* End PBXResourcesBuildPhase section */

/* Begin PBXSourcesBuildPhase section */
		6FCCC8921E9783C6009E09EA /* Sources */ = {
			isa = PBXSourcesBuildPhase;
			buildActionMask = 2147483647;
			files = (
				6FCCC9101E978436009E09EA /* MJRefreshAutoFooter.m in Sources */,
				6FCCC97A1E9788FF009E09EA /* SJXNetworkTool.m in Sources */,
				6FCCC9171E978436009E09EA /* MJRefreshAutoStateFooter.m in Sources */,
				6FCCC9191E978436009E09EA /* MJRefreshBackNormalFooter.m in Sources */,
				6FCCC93D1E97843E009E09EA /* MJFoundation.m in Sources */,
				6FCCC95E1E97844A009E09EA /* MASCompositeConstraint.m in Sources */,
				6FCCC9431E97843E009E09EA /* NSObject+MJKeyValue.m in Sources */,
				6FCCC9231E978436009E09EA /* UIView+MJExtension.m in Sources */,
				6FCCC9651E97844A009E09EA /* NSLayoutConstraint+MASDebugAdditions.m in Sources */,
				6FCCC91B1E978436009E09EA /* MJRefreshGifHeader.m in Sources */,
				6FCCC8E01E97842B009E09EA /* AFURLSessionManager.m in Sources */,
				6FCCC9221E978436009E09EA /* UIScrollView+MJRefresh.m in Sources */,
				6FCCC9611E97844A009E09EA /* MASLayoutConstraint.m in Sources */,
				6FCCC96D1E97851D009E09EA /* SJXBaseTabBarController.m in Sources */,
				6FCCC9141E978436009E09EA /* MJRefreshHeader.m in Sources */,
				6FCCC9111E978436009E09EA /* MJRefreshBackFooter.m in Sources */,
				6FCCC91F1E978436009E09EA /* MJRefreshConst.m in Sources */,
				6FCCC9601E97844A009E09EA /* MASConstraintMaker.m in Sources */,
				6FCCC89E1E9783C6009E09EA /* AppDelegate.m in Sources */,
				6FCCC9861E979685009E09EA /* NSObject+SJXExtension.m in Sources */,
				6FCCC8DC1E97842B009E09EA /* AFNetworkReachabilityManager.m in Sources */,
				6FCCC9421E97843E009E09EA /* NSObject+MJCoding.m in Sources */,
				6FCCC9151E978436009E09EA /* MJRefreshAutoGifFooter.m in Sources */,
				6FCCC97D1E978C21009E09EA /* SJXRefreshHeader.m in Sources */,
				6FCCC93F1E97843E009E09EA /* MJPropertyKey.m in Sources */,
				6FCCC9621E97844A009E09EA /* MASViewAttribute.m in Sources */,
				6FCCC89B1E9783C6009E09EA /* main.m in Sources */,
				6FCCC9631E97844A009E09EA /* MASViewConstraint.m in Sources */,
				6FCCC9201E978436009E09EA /* NSBundle+MJRefresh.m in Sources */,
				6FCCC9211E978436009E09EA /* UIScrollView+MJExtension.m in Sources */,
				6FCCC9441E97843E009E09EA /* NSObject+MJProperty.m in Sources */,
				6FCCC9701E978538009E09EA /* SJXBaseNavigationController.m in Sources */,
				6FCCC8DD1E97842B009E09EA /* AFSecurityPolicy.m in Sources */,
				6FCCC9801E978C40009E09EA /* SJXRefreshFooter.m in Sources */,
				6FCCC9731E9785B8009E09EA /* SJXTestOneViewController.m in Sources */,
				6FCCC95F1E97844A009E09EA /* MASConstraint.m in Sources */,
				6FCCC9131E978436009E09EA /* MJRefreshFooter.m in Sources */,
				6FCCC9451E97843E009E09EA /* NSString+MJExtension.m in Sources */,
				6FCCC9121E978436009E09EA /* MJRefreshComponent.m in Sources */,
				6FCCC9761E9785C3009E09EA /* SJXTestTwoViewController.m in Sources */,
				6FCCC9641E97844A009E09EA /* NSArray+MASAdditions.m in Sources */,
				6FCCC9181E978436009E09EA /* MJRefreshBackGifFooter.m in Sources */,
				6FCCC9411E97843E009E09EA /* NSObject+MJClass.m in Sources */,
				6FCCC93C1E97843E009E09EA /* MJExtensionConst.m in Sources */,
				6FCCC8DE1E97842B009E09EA /* AFURLRequestSerialization.m in Sources */,
				6FCCC91D1E978436009E09EA /* MJRefreshStateHeader.m in Sources */,
				6FCCC91A1E978436009E09EA /* MJRefreshBackStateFooter.m in Sources */,
				6FCCC9401E97843E009E09EA /* MJPropertyType.m in Sources */,
				6FCCC91C1E978436009E09EA /* MJRefreshNormalHeader.m in Sources */,
				6FCCC9161E978436009E09EA /* MJRefreshAutoNormalFooter.m in Sources */,
				6FCCC93E1E97843E009E09EA /* MJProperty.m in Sources */,
				6FCCC9661E97844A009E09EA /* View+MASAdditions.m in Sources */,
				6FCCC8DF1E97842B009E09EA /* AFURLResponseSerialization.m in Sources */,
				6FCCC8DB1E97842B009E09EA /* AFHTTPSessionManager.m in Sources */,
			);
			runOnlyForDeploymentPostprocessing = 0;
		};
		6FCCC8AB1E9783C6009E09EA /* Sources */ = {
			isa = PBXSourcesBuildPhase;
			buildActionMask = 2147483647;
			files = (
				6FCCC8B41E9783C6009E09EA /* SimulateHttpRequestDataDemoTests.m in Sources */,
			);
			runOnlyForDeploymentPostprocessing = 0;
		};
		6FCCC8B61E9783C6009E09EA /* Sources */ = {
			isa = PBXSourcesBuildPhase;
			buildActionMask = 2147483647;
			files = (
				6FCCC8BF1E9783C6009E09EA /* SimulateHttpRequestDataDemoUITests.m in Sources */,
			);
			runOnlyForDeploymentPostprocessing = 0;
		};
/* End PBXSourcesBuildPhase section */

/* Begin PBXTargetDependency section */
		6FCCC8B11E9783C6009E09EA /* PBXTargetDependency */ = {
			isa = PBXTargetDependency;
			target = 6FCCC8951E9783C6009E09EA /* SimulateHttpRequestDataDemo */;
			targetProxy = 6FCCC8B01E9783C6009E09EA /* PBXContainerItemProxy */;
		};
		6FCCC8BC1E9783C6009E09EA /* PBXTargetDependency */ = {
			isa = PBXTargetDependency;
			target = 6FCCC8951E9783C6009E09EA /* SimulateHttpRequestDataDemo */;
			targetProxy = 6FCCC8BB1E9783C6009E09EA /* PBXContainerItemProxy */;
		};
/* End PBXTargetDependency section */

/* Begin PBXVariantGroup section */
		6FCCC8A71E9783C6009E09EA /* LaunchScreen.storyboard */ = {
			isa = PBXVariantGroup;
			children = (
				6FCCC8A81E9783C6009E09EA /* Base */,
			);
			name = LaunchScreen.storyboard;
			sourceTree = "<group>";
		};
/* End PBXVariantGroup section */

/* Begin XCBuildConfiguration section */
		6FCCC8C11E9783C6009E09EA /* Debug */ = {
			isa = XCBuildConfiguration;
			buildSettings = {
				ALWAYS_SEARCH_USER_PATHS = NO;
				CLANG_ANALYZER_NONNULL = YES;
				CLANG_ANALYZER_NUMBER_OBJECT_CONVERSION = YES_AGGRESSIVE;
				CLANG_CXX_LANGUAGE_STANDARD = "gnu++0x";
				CLANG_CXX_LIBRARY = "libc++";
				CLANG_ENABLE_MODULES = YES;
				CLANG_ENABLE_OBJC_ARC = YES;
				CLANG_WARN_BOOL_CONVERSION = YES;
				CLANG_WARN_CONSTANT_CONVERSION = YES;
				CLANG_WARN_DIRECT_OBJC_ISA_USAGE = YES_ERROR;
				CLANG_WARN_DOCUMENTATION_COMMENTS = YES;
				CLANG_WARN_EMPTY_BODY = YES;
				CLANG_WARN_ENUM_CONVERSION = YES;
				CLANG_WARN_INFINITE_RECURSION = YES;
				CLANG_WARN_INT_CONVERSION = YES;
				CLANG_WARN_OBJC_ROOT_CLASS = YES_ERROR;
				CLANG_WARN_SUSPICIOUS_MOVE = YES;
				CLANG_WARN_UNREACHABLE_CODE = YES;
				CLANG_WARN__DUPLICATE_METHOD_MATCH = YES;
				"CODE_SIGN_IDENTITY[sdk=iphoneos*]" = "iPhone Developer";
				COPY_PHASE_STRIP = NO;
				DEBUG_INFORMATION_FORMAT = dwarf;
				ENABLE_STRICT_OBJC_MSGSEND = YES;
				ENABLE_TESTABILITY = YES;
				GCC_C_LANGUAGE_STANDARD = gnu99;
				GCC_DYNAMIC_NO_PIC = NO;
				GCC_NO_COMMON_BLOCKS = YES;
				GCC_OPTIMIZATION_LEVEL = 0;
				GCC_PREPROCESSOR_DEFINITIONS = (
					"DEBUG=1",
					"$(inherited)",
				);
				GCC_WARN_64_TO_32_BIT_CONVERSION = YES;
				GCC_WARN_ABOUT_RETURN_TYPE = YES_ERROR;
				GCC_WARN_UNDECLARED_SELECTOR = YES;
				GCC_WARN_UNINITIALIZED_AUTOS = YES_AGGRESSIVE;
				GCC_WARN_UNUSED_FUNCTION = YES;
				GCC_WARN_UNUSED_VARIABLE = YES;
				IPHONEOS_DEPLOYMENT_TARGET = 10.3;
				MTL_ENABLE_DEBUG_INFO = YES;
				ONLY_ACTIVE_ARCH = YES;
				SDKROOT = iphoneos;
			};
			name = Debug;
		};
		6FCCC8C21E9783C6009E09EA /* Release */ = {
			isa = XCBuildConfiguration;
			buildSettings = {
				ALWAYS_SEARCH_USER_PATHS = NO;
				CLANG_ANALYZER_NONNULL = YES;
				CLANG_ANALYZER_NUMBER_OBJECT_CONVERSION = YES_AGGRESSIVE;
				CLANG_CXX_LANGUAGE_STANDARD = "gnu++0x";
				CLANG_CXX_LIBRARY = "libc++";
				CLANG_ENABLE_MODULES = YES;
				CLANG_ENABLE_OBJC_ARC = YES;
				CLANG_WARN_BOOL_CONVERSION = YES;
				CLANG_WARN_CONSTANT_CONVERSION = YES;
				CLANG_WARN_DIRECT_OBJC_ISA_USAGE = YES_ERROR;
				CLANG_WARN_DOCUMENTATION_COMMENTS = YES;
				CLANG_WARN_EMPTY_BODY = YES;
				CLANG_WARN_ENUM_CONVERSION = YES;
				CLANG_WARN_INFINITE_RECURSION = YES;
				CLANG_WARN_INT_CONVERSION = YES;
				CLANG_WARN_OBJC_ROOT_CLASS = YES_ERROR;
				CLANG_WARN_SUSPICIOUS_MOVE = YES;
				CLANG_WARN_UNREACHABLE_CODE = YES;
				CLANG_WARN__DUPLICATE_METHOD_MATCH = YES;
				"CODE_SIGN_IDENTITY[sdk=iphoneos*]" = "iPhone Developer";
				COPY_PHASE_STRIP = NO;
				DEBUG_INFORMATION_FORMAT = "dwarf-with-dsym";
				ENABLE_NS_ASSERTIONS = NO;
				ENABLE_STRICT_OBJC_MSGSEND = YES;
				GCC_C_LANGUAGE_STANDARD = gnu99;
				GCC_NO_COMMON_BLOCKS = YES;
				GCC_WARN_64_TO_32_BIT_CONVERSION = YES;
				GCC_WARN_ABOUT_RETURN_TYPE = YES_ERROR;
				GCC_WARN_UNDECLARED_SELECTOR = YES;
				GCC_WARN_UNINITIALIZED_AUTOS = YES_AGGRESSIVE;
				GCC_WARN_UNUSED_FUNCTION = YES;
				GCC_WARN_UNUSED_VARIABLE = YES;
				IPHONEOS_DEPLOYMENT_TARGET = 10.3;
				MTL_ENABLE_DEBUG_INFO = NO;
				SDKROOT = iphoneos;
				VALIDATE_PRODUCT = YES;
			};
			name = Release;
		};
		6FCCC8C41E9783C6009E09EA /* Debug */ = {
			isa = XCBuildConfiguration;
			buildSettings = {
				ASSETCATALOG_COMPILER_APPICON_NAME = AppIcon;
				DEVELOPMENT_TEAM = 5XS2GHE2MA;
				GCC_PREFIX_HEADER = /Users/sjx/Desktop/Simulate/SimulateHttpRequestData/SimulateHttpRequestDataDemo/SimulateHttpRequestDataDemo/PrefixHeader.pch;
				INFOPLIST_FILE = SimulateHttpRequestDataDemo/Info.plist;
				LD_RUNPATH_SEARCH_PATHS = "$(inherited) @executable_path/Frameworks";
				PRODUCT_BUNDLE_IDENTIFIER = com.SimulateHttpRequestDataDemo;
				PRODUCT_NAME = "$(TARGET_NAME)";
			};
			name = Debug;
		};
		6FCCC8C51E9783C6009E09EA /* Release */ = {
			isa = XCBuildConfiguration;
			buildSettings = {
				ASSETCATALOG_COMPILER_APPICON_NAME = AppIcon;
				DEVELOPMENT_TEAM = 5XS2GHE2MA;
				GCC_PREFIX_HEADER = /Users/sjx/Desktop/Simulate/SimulateHttpRequestData/SimulateHttpRequestDataDemo/SimulateHttpRequestDataDemo/PrefixHeader.pch;
				INFOPLIST_FILE = SimulateHttpRequestDataDemo/Info.plist;
				LD_RUNPATH_SEARCH_PATHS = "$(inherited) @executable_path/Frameworks";
				PRODUCT_BUNDLE_IDENTIFIER = com.SimulateHttpRequestDataDemo;
				PRODUCT_NAME = "$(TARGET_NAME)";
			};
			name = Release;
		};
		6FCCC8C71E9783C6009E09EA /* Debug */ = {
			isa = XCBuildConfiguration;
			buildSettings = {
				BUNDLE_LOADER = "$(TEST_HOST)";
				DEVELOPMENT_TEAM = 5XS2GHE2MA;
				INFOPLIST_FILE = SimulateHttpRequestDataDemoTests/Info.plist;
				LD_RUNPATH_SEARCH_PATHS = "$(inherited) @executable_path/Frameworks @loader_path/Frameworks";
				PRODUCT_BUNDLE_IDENTIFIER = com.SimulateHttpRequestDataDemoTests;
				PRODUCT_NAME = "$(TARGET_NAME)";
				TEST_HOST = "$(BUILT_PRODUCTS_DIR)/SimulateHttpRequestDataDemo.app/SimulateHttpRequestDataDemo";
			};
			name = Debug;
		};
		6FCCC8C81E9783C6009E09EA /* Release */ = {
			isa = XCBuildConfiguration;
			buildSettings = {
				BUNDLE_LOADER = "$(TEST_HOST)";
				DEVELOPMENT_TEAM = 5XS2GHE2MA;
				INFOPLIST_FILE = SimulateHttpRequestDataDemoTests/Info.plist;
				LD_RUNPATH_SEARCH_PATHS = "$(inherited) @executable_path/Frameworks @loader_path/Frameworks";
				PRODUCT_BUNDLE_IDENTIFIER = com.SimulateHttpRequestDataDemoTests;
				PRODUCT_NAME = "$(TARGET_NAME)";
				TEST_HOST = "$(BUILT_PRODUCTS_DIR)/SimulateHttpRequestDataDemo.app/SimulateHttpRequestDataDemo";
			};
			name = Release;
		};
		6FCCC8CA1E9783C6009E09EA /* Debug */ = {
			isa = XCBuildConfiguration;
			buildSettings = {
				DEVELOPMENT_TEAM = 5XS2GHE2MA;
				INFOPLIST_FILE = SimulateHttpRequestDataDemoUITests/Info.plist;
				LD_RUNPATH_SEARCH_PATHS = "$(inherited) @executable_path/Frameworks @loader_path/Frameworks";
				PRODUCT_BUNDLE_IDENTIFIER = com.SimulateHttpRequestDataDemoUITests;
				PRODUCT_NAME = "$(TARGET_NAME)";
				TEST_TARGET_NAME = SimulateHttpRequestDataDemo;
			};
			name = Debug;
		};
		6FCCC8CB1E9783C6009E09EA /* Release */ = {
			isa = XCBuildConfiguration;
			buildSettings = {
				DEVELOPMENT_TEAM = 5XS2GHE2MA;
				INFOPLIST_FILE = SimulateHttpRequestDataDemoUITests/Info.plist;
				LD_RUNPATH_SEARCH_PATHS = "$(inherited) @executable_path/Frameworks @loader_path/Frameworks";
				PRODUCT_BUNDLE_IDENTIFIER = com.SimulateHttpRequestDataDemoUITests;
				PRODUCT_NAME = "$(TARGET_NAME)";
				TEST_TARGET_NAME = SimulateHttpRequestDataDemo;
			};
			name = Release;
		};
/* End XCBuildConfiguration section */

/* Begin XCConfigurationList section */
		6FCCC8911E9783C6009E09EA /* Build configuration list for PBXProject "SimulateHttpRequestDataDemo" */ = {
			isa = XCConfigurationList;
			buildConfigurations = (
				6FCCC8C11E9783C6009E09EA /* Debug */,
				6FCCC8C21E9783C6009E09EA /* Release */,
			);
			defaultConfigurationIsVisible = 0;
			defaultConfigurationName = Release;
		};
		6FCCC8C31E9783C6009E09EA /* Build configuration list for PBXNativeTarget "SimulateHttpRequestDataDemo" */ = {
			isa = XCConfigurationList;
			buildConfigurations = (
				6FCCC8C41E9783C6009E09EA /* Debug */,
				6FCCC8C51E9783C6009E09EA /* Release */,
			);
			defaultConfigurationIsVisible = 0;
			defaultConfigurationName = Release;
		};
		6FCCC8C61E9783C6009E09EA /* Build configuration list for PBXNativeTarget "SimulateHttpRequestDataDemoTests" */ = {
			isa = XCConfigurationList;
			buildConfigurations = (
				6FCCC8C71E9783C6009E09EA /* Debug */,
				6FCCC8C81E9783C6009E09EA /* Release */,
			);
			defaultConfigurationIsVisible = 0;
			defaultConfigurationName = Release;
		};
		6FCCC8C91E9783C6009E09EA /* Build configuration list for PBXNativeTarget "SimulateHttpRequestDataDemoUITests" */ = {
			isa = XCConfigurationList;
			buildConfigurations = (
				6FCCC8CA1E9783C6009E09EA /* Debug */,
				6FCCC8CB1E9783C6009E09EA /* Release */,
			);
			defaultConfigurationIsVisible = 0;
			defaultConfigurationName = Release;
		};
/* End XCConfigurationList section */
	};
	rootObject = 6FCCC88E1E9783C6009E09EA /* Project object */;
}
